// !$*UTF8*$!
{
	archiveVersion = 1;
	classes = {
	};
	objectVersion = 46;
	objects = {

/* Begin PBXBuildFile section */
		227A31611D6B0EF20019009E /* AppDelegate.swift in Sources */ = {isa = PBXBuildFile; fileRef = 227A31601D6B0EF20019009E /* AppDelegate.swift */; };
		227A31651D6B0EF20019009E /* Assets.xcassets in Resources */ = {isa = PBXBuildFile; fileRef = 227A31641D6B0EF20019009E /* Assets.xcassets */; };
		227A316D1D6B22880019009E /* ResourceLoader.swift in Sources */ = {isa = PBXBuildFile; fileRef = 227A316C1D6B22880019009E /* ResourceLoader.swift */; };
		227A316E1D6B63430019009E /* application.js in Resources */ = {isa = PBXBuildFile; fileRef = 227A31631D6B0EF20019009E /* application.js */; };
		227A31741D6B689D0019009E /* hello.tvml in Resources */ = {isa = PBXBuildFile; fileRef = 227A31731D6B689D0019009E /* hello.tvml */; };
/* End PBXBuildFile section */

/* Begin PBXFileReference section */
		227A315D1D6B0EF20019009E /* wenderStream.app */ = {isa = PBXFileReference; explicitFileType = wrapper.application; includeInIndex = 0; path = wenderStream.app; sourceTree = BUILT_PRODUCTS_DIR; };
		227A31601D6B0EF20019009E /* AppDelegate.swift */ = {isa = PBXFileReference; lastKnownFileType = sourcecode.swift; path = AppDelegate.swift; sourceTree = "<group>"; };
		227A31631D6B0EF20019009E /* application.js */ = {isa = PBXFileReference; lastKnownFileType = sourcecode.javascript; path = application.js; sourceTree = "<group>"; };
		227A31641D6B0EF20019009E /* Assets.xcassets */ = {isa = PBXFileReference; lastKnownFileType = folder.assetcatalog; path = Assets.xcassets; sourceTree = "<group>"; };
		227A31661D6B0EF20019009E /* Info.plist */ = {isa = PBXFileReference; lastKnownFileType = text.plist.xml; path = Info.plist; sourceTree = "<group>"; };
		227A316C1D6B22880019009E /* ResourceLoader.swift */ = {isa = PBXFileReference; fileEncoding = 4; lastKnownFileType = sourcecode.swift; path = ResourceLoader.swift; sourceTree = "<group>"; };
		227A31731D6B689D0019009E /* hello.tvml */ = {isa = PBXFileReference; fileEncoding = 4; lastKnownFileType = text; path = hello.tvml; sourceTree = "<group>"; };
/* End PBXFileReference section */

/* Begin PBXFrameworksBuildPhase section */
		227A315A1D6B0EF20019009E /* Frameworks */ = {
			isa = PBXFrameworksBuildPhase;
			buildActionMask = 2147483647;
			files = (
			);
			runOnlyForDeploymentPostprocessing = 0;
		};
/* End PBXFrameworksBuildPhase section */

/* Begin PBXGroup section */
		227A31541D6B0EF20019009E = {
			isa = PBXGroup;
			children = (
				227A315F1D6B0EF20019009E /* wenderStream */,
				227A315E1D6B0EF20019009E /* Products */,
			);
			sourceTree = "<group>";
		};
		227A315E1D6B0EF20019009E /* Products */ = {
			isa = PBXGroup;
			children = (
				227A315D1D6B0EF20019009E /* wenderStream.app */,
			);
			name = Products;
			sourceTree = "<group>";
		};
		227A315F1D6B0EF20019009E /* wenderStream */ = {
			isa = PBXGroup;
			children = (
				227A31601D6B0EF20019009E /* AppDelegate.swift */,
				227A31641D6B0EF20019009E /* Assets.xcassets */,
				227A31661D6B0EF20019009E /* Info.plist */,
				227A31621D6B0EF20019009E /* Supporting Files */,
				227A316C1D6B22880019009E /* ResourceLoader.swift */,
			);
			path = wenderStream;
			sourceTree = "<group>";
		};
		227A31621D6B0EF20019009E /* Supporting Files */ = {
			isa = PBXGroup;
			children = (
				227A31631D6B0EF20019009E /* application.js */,
				227A31731D6B689D0019009E /* hello.tvml */,
			);
			name = "Supporting Files";
			sourceTree = "<group>";
		};
/* End PBXGroup section */

/* Begin PBXNativeTarget section */
		227A315C1D6B0EF20019009E /* wenderStream */ = {
			isa = PBXNativeTarget;
			buildConfigurationList = 227A31691D6B0EF20019009E /* Build configuration list for PBXNativeTarget "wenderStream" */;
			buildPhases = (
				227A31591D6B0EF20019009E /* Sources */,
				227A315A1D6B0EF20019009E /* Frameworks */,
				227A315B1D6B0EF20019009E /* Resources */,
			);
			buildRules = (
			);
			dependencies = (
			);
			name = wenderStream;
			productName = wenderStream;
			productReference = 227A315D1D6B0EF20019009E /* wenderStream.app */;
			productType = "com.apple.product-type.application";
		};
/* End PBXNativeTarget section */

/* Begin PBXProject section */
		227A31551D6B0EF20019009E /* Project object */ = {
			isa = PBXProject;
			attributes = {
				LastSwiftUpdateCheck = 0800;
				LastUpgradeCheck = 0800;
				ORGANIZATIONNAME = Razeware;
				TargetAttributes = {
					227A315C1D6B0EF20019009E = {
						CreatedOnToolsVersion = 8.0;
						DevelopmentTeam = D23W9URMHY;
						ProvisioningStyle = Automatic;
					};
				};
			};
			buildConfigurationList = 227A31581D6B0EF20019009E /* Build configuration list for PBXProject "wenderStream" */;
			compatibilityVersion = "Xcode 3.2";
			developmentRegion = English;
			hasScannedForEncodings = 0;
			knownRegions = (
				en,
			);
			mainGroup = 227A31541D6B0EF20019009E;
			productRefGroup = 227A315E1D6B0EF20019009E /* Products */;
			projectDirPath = "";
			projectRoot = "";
			targets = (
				227A315C1D6B0EF20019009E /* wenderStream */,
			);
		};
/* End PBXProject section */

/* Begin PBXResourcesBuildPhase section */
		227A315B1D6B0EF20019009E /* Resources */ = {
			isa = PBXResourcesBuildPhase;
			buildActionMask = 2147483647;
			files = (
				227A31741D6B689D0019009E /* hello.tvml in Resources */,
				227A31651D6B0EF20019009E /* Assets.xcassets in Resources */,
				227A316E1D6B63430019009E /* application.js in Resources */,
			);
			runOnlyForDeploymentPostprocessing = 0;
		};
/* End PBXResourcesBuildPhase section */

/* Begin PBXSourcesBuildPhase section */
		227A31591D6B0EF20019009E /* Sources */ = {
			isa = PBXSourcesBuildPhase;
			buildActionMask = 2147483647;
			files = (
				227A316D1D6B22880019009E /* ResourceLoader.swift in Sources */,
				227A31611D6B0EF20019009E /* AppDelegate.swift in Sources */,
			);
			runOnlyForDeploymentPostprocessing = 0;
		};
/* End PBXSourcesBuildPhase section */

/* Begin XCBuildConfiguration section */
		227A31671D6B0EF20019009E /* Debug */ = {
			isa = XCBuildConfiguration;
			buildSettings = {
				ALWAYS_SEARCH_USER_PATHS = NO;
				CLANG_ANALYZER_NONNULL = YES;
				CLANG_CXX_LANGUAGE_STANDARD = "gnu++0x";
				CLANG_CXX_LIBRARY = "libc++";
				CLANG_ENABLE_MODULES = YES;
				CLANG_ENABLE_OBJC_ARC = YES;
				CLANG_WARN_BOOL_CONVERSION = YES;
				CLANG_WARN_CONSTANT_CONVERSION = YES;
				CLANG_WARN_DIRECT_OBJC_ISA_USAGE = YES_ERROR;
				CLANG_WARN_DOCUMENTATION_COMMENTS = YES;
				CLANG_WARN_EMPTY_BODY = YES;
				CLANG_WARN_ENUM_CONVERSION = YES;
				CLANG_WARN_INFINITE_RECURSION = YES;
				CLANG_WARN_INT_CONVERSION = YES;
				CLANG_WARN_OBJC_ROOT_CLASS = YES_ERROR;
				CLANG_WARN_SUSPICIOUS_MOVES = YES;
				CLANG_WARN_UNREACHABLE_CODE = YES;
				CLANG_WARN__DUPLICATE_METHOD_MATCH = YES;
				COPY_PHASE_STRIP = NO;
				DEBUG_INFORMATION_FORMAT = dwarf;
				ENABLE_STRICT_OBJC_MSGSEND = YES;
				ENABLE_TESTABILITY = YES;
				GCC_C_LANGUAGE_STANDARD = gnu99;
				GCC_DYNAMIC_NO_PIC = NO;
				GCC_NO_COMMON_BLOCKS = YES;
				GCC_OPTIMIZATION_LEVEL = 0;
				GCC_PREPROCESSOR_DEFINITIONS = (
					"DEBUG=1",
					"$(inherited)",
				);
				GCC_WARN_64_TO_32_BIT_CONVERSION = YES;
				GCC_WARN_ABOUT_RETURN_TYPE = YES_ERROR;
				GCC_WARN_UNDECLARED_SELECTOR = YES;
				GCC_WARN_UNINITIALIZED_AUTOS = YES_AGGRESSIVE;
				GCC_WARN_UNUSED_FUNCTION = YES;
				GCC_WARN_UNUSED_VARIABLE = YES;
				MTL_ENABLE_DEBUG_INFO = YES;
				ONLY_ACTIVE_ARCH = YES;
				SDKROOT = appletvos;
				SWIFT_ACTIVE_COMPILATION_CONDITIONS = DEBUG;
				SWIFT_OPTIMIZATION_LEVEL = "-Onone";
				TARGETED_DEVICE_FAMILY = 3;
				TVOS_DEPLOYMENT_TARGET = 10.0;
			};
			name = Debug;
		};
		227A31681D6B0EF20019009E /* Release */ = {
			isa = XCBuildConfiguration;
			buildSettings = {
				ALWAYS_SEARCH_USER_PATHS = NO;
				CLANG_ANALYZER_NONNULL = YES;
				CLANG_CXX_LANGUAGE_STANDARD = "gnu++0x";
				CLANG_CXX_LIBRARY = "libc++";
				CLANG_ENABLE_MODULES = YES;
				CLANG_ENABLE_OBJC_ARC = YES;
				CLANG_WARN_BOOL_CONVERSION = YES;
				CLANG_WARN_CONSTANT_CONVERSION = YES;
				CLANG_WARN_DIRECT_OBJC_ISA_USAGE = YES_ERROR;
				CLANG_WARN_DOCUMENTATION_COMMENTS = YES;
				CLANG_WARN_EMPTY_BODY = YES;
				CLANG_WARN_ENUM_CONVERSION = YES;
				CLANG_WARN_INFINITE_RECURSION = YES;
				CLANG_WARN_INT_CONVERSION = YES;
				CLANG_WARN_OBJC_ROOT_CLASS = YES_ERROR;
				CLANG_WARN_SUSPICIOUS_MOVES = YES;
				CLANG_WARN_UNREACHABLE_CODE = YES;
				CLANG_WARN__DUPLICATE_METHOD_MATCH = YES;
				COPY_PHASE_STRIP = NO;
				DEBUG_INFORMATION_FORMAT = "dwarf-with-dsym";
				ENABLE_NS_ASSERTIONS = NO;
				ENABLE_STRICT_OBJC_MSGSEND = YES;
				GCC_C_LANGUAGE_STANDARD = gnu99;
				GCC_NO_COMMON_BLOCKS = YES;
				GCC_WARN_64_TO_32_BIT_CONVERSION = YES;
				GCC_WARN_ABOUT_RETURN_TYPE = YES_ERROR;
				GCC_WARN_UNDECLARED_SELECTOR = YES;
				GCC_WARN_UNINITIALIZED_AUTOS = YES_AGGRESSIVE;
				GCC_WARN_UNUSED_FUNCTION = YES;
				GCC_WARN_UNUSED_VARIABLE = YES;
				MTL_ENABLE_DEBUG_INFO = NO;
				SDKROOT = appletvos;
				SWIFT_OPTIMIZATION_LEVEL = "-Owholemodule";
				TARGETED_DEVICE_FAMILY = 3;
				TVOS_DEPLOYMENT_TARGET = 10.0;
				VALIDATE_PRODUCT = YES;
			};
			name = Release;
		};
		227A316A1D6B0EF20019009E /* Debug */ = {
			isa = XCBuildConfiguration;
			buildSettings = {
				ASSETCATALOG_COMPILER_APPICON_NAME = "App Icon & Top Shelf Image";
				ASSETCATALOG_COMPILER_LAUNCHIMAGE_NAME = LaunchImage;
				DEVELOPMENT_TEAM = D23W9URMHY;
				INFOPLIST_FILE = wenderStream/Info.plist;
				LD_RUNPATH_SEARCH_PATHS = "$(inherited) @executable_path/Frameworks";
				PRODUCT_BUNDLE_IDENTIFIER = com.razeware.wenderStream;
				PRODUCT_NAME = "$(TARGET_NAME)";
				SWIFT_VERSION = 3.0;
			};
			name = Debug;
		};
		227A316B1D6B0EF20019009E /* Release */ = {
			isa = XCBuildConfiguration;
			buildSettings = {
				ASSETCATALOG_COMPILER_APPICON_NAME = "App Icon & Top Shelf Image";
				ASSETCATALOG_COMPILER_LAUNCHIMAGE_NAME = LaunchImage;
				DEVELOPMENT_TEAM = D23W9URMHY;
				INFOPLIST_FILE = wenderStream/Info.plist;
				LD_RUNPATH_SEARCH_PATHS = "$(inherited) @executable_path/Frameworks";
				PRODUCT_BUNDLE_IDENTIFIER = com.razeware.wenderStream;
				PRODUCT_NAME = "$(TARGET_NAME)";
				SWIFT_VERSION = 3.0;
			};
			name = Release;
		};
/* End XCBuildConfiguration section */

/* Begin XCConfigurationList section */
		227A31581D6B0EF20019009E /* Build configuration list for PBXProject "wenderStream" */ = {
			isa = XCConfigurationList;
			buildConfigurations = (
				227A31671D6B0EF20019009E /* Debug */,
				227A31681D6B0EF20019009E /* Release */,
			);
			defaultConfigurationIsVisible = 0;
			defaultConfigurationName = Release;
		};
		227A31691D6B0EF20019009E /* Build configuration list for PBXNativeTarget "wenderStream" */ = {
			isa = XCConfigurationList;
			buildConfigurations = (
				227A316A1D6B0EF20019009E /* Debug */,
				227A316B1D6B0EF20019009E /* Release */,
			);
			defaultConfigurationIsVisible = 0;
		};
/* End XCConfigurationList section */
	};
	rootObject = 227A31551D6B0EF20019009E /* Project object */;
}
