// !$*UTF8*$!
{
	archiveVersion = 1;
	classes = {
	};
	objectVersion = 46;
	objects = {

/* Begin PBXBuildFile section */
		22728B141D6C56A8004630AE /* AppDelegate.swift in Sources */ = {isa = PBXBuildFile; fileRef = 22728B131D6C56A8004630AE /* AppDelegate.swift */; };
		22728B181D6C56A8004630AE /* Assets.xcassets in Resources */ = {isa = PBXBuildFile; fileRef = 22728B171D6C56A8004630AE /* Assets.xcassets */; };
		22728B1F1D6C57C5004630AE /* application.js in Resources */ = {isa = PBXBuildFile; fileRef = 22728B161D6C56A8004630AE /* application.js */; };
		22728B211D6C583E004630AE /* ResourceLoader.swift in Sources */ = {isa = PBXBuildFile; fileRef = 22728B201D6C583E004630AE /* ResourceLoader.swift */; };
		22728B231D6C5983004630AE /* hello.tvml in Resources */ = {isa = PBXBuildFile; fileRef = 22728B221D6C5983004630AE /* hello.tvml */; };
/* End PBXBuildFile section */

/* Begin PBXFileReference section */
		22728B101D6C56A8004630AE /* HelloTVML.app */ = {isa = PBXFileReference; explicitFileType = wrapper.application; includeInIndex = 0; path = HelloTVML.app; sourceTree = BUILT_PRODUCTS_DIR; };
		22728B131D6C56A8004630AE /* AppDelegate.swift */ = {isa = PBXFileReference; lastKnownFileType = sourcecode.swift; path = AppDelegate.swift; sourceTree = "<group>"; };
		22728B161D6C56A8004630AE /* application.js */ = {isa = PBXFileReference; lastKnownFileType = sourcecode.javascript; path = application.js; sourceTree = "<group>"; };
		22728B171D6C56A8004630AE /* Assets.xcassets */ = {isa = PBXFileReference; lastKnownFileType = folder.assetcatalog; path = Assets.xcassets; sourceTree = "<group>"; };
		22728B191D6C56A8004630AE /* Info.plist */ = {isa = PBXFileReference; lastKnownFileType = text.plist.xml; path = Info.plist; sourceTree = "<group>"; };
		22728B201D6C583E004630AE /* ResourceLoader.swift */ = {isa = PBXFileReference; fileEncoding = 4; lastKnownFileType = sourcecode.swift; path = ResourceLoader.swift; sourceTree = "<group>"; };
		22728B221D6C5983004630AE /* hello.tvml */ = {isa = PBXFileReference; fileEncoding = 4; lastKnownFileType = text; path = hello.tvml; sourceTree = "<group>"; };
/* End PBXFileReference section */

/* Begin PBXFrameworksBuildPhase section */
		22728B0D1D6C56A8004630AE /* Frameworks */ = {
			isa = PBXFrameworksBuildPhase;
			buildActionMask = 2147483647;
			files = (
			);
			runOnlyForDeploymentPostprocessing = 0;
		};
/* End PBXFrameworksBuildPhase section */

/* Begin PBXGroup section */
		22728B071D6C56A8004630AE = {
			isa = PBXGroup;
			children = (
				22728B121D6C56A8004630AE /* HelloTVML */,
				22728B111D6C56A8004630AE /* Products */,
			);
			sourceTree = "<group>";
		};
		22728B111D6C56A8004630AE /* Products */ = {
			isa = PBXGroup;
			children = (
				22728B101D6C56A8004630AE /* HelloTVML.app */,
			);
			name = Products;
			sourceTree = "<group>";
		};
		22728B121D6C56A8004630AE /* HelloTVML */ = {
			isa = PBXGroup;
			children = (
				22728B131D6C56A8004630AE /* AppDelegate.swift */,
				22728B171D6C56A8004630AE /* Assets.xcassets */,
				22728B191D6C56A8004630AE /* Info.plist */,
				22728B151D6C56A8004630AE /* Supporting Files */,
				22728B201D6C583E004630AE /* ResourceLoader.swift */,
			);
			path = HelloTVML;
			sourceTree = "<group>";
		};
		22728B151D6C56A8004630AE /* Supporting Files */ = {
			isa = PBXGroup;
			children = (
				22728B161D6C56A8004630AE /* application.js */,
				22728B221D6C5983004630AE /* hello.tvml */,
			);
			name = "Supporting Files";
			sourceTree = "<group>";
		};
/* End PBXGroup section */

/* Begin PBXNativeTarget section */
		22728B0F1D6C56A8004630AE /* HelloTVML */ = {
			isa = PBXNativeTarget;
			buildConfigurationList = 22728B1C1D6C56A8004630AE /* Build configuration list for PBXNativeTarget "HelloTVML" */;
			buildPhases = (
				22728B0C1D6C56A8004630AE /* Sources */,
				22728B0D1D6C56A8004630AE /* Frameworks */,
				22728B0E1D6C56A8004630AE /* Resources */,
			);
			buildRules = (
			);
			dependencies = (
			);
			name = HelloTVML;
			productName = HelloTVML;
			productReference = 22728B101D6C56A8004630AE /* HelloTVML.app */;
			productType = "com.apple.product-type.application";
		};
/* End PBXNativeTarget section */

/* Begin PBXProject section */
		22728B081D6C56A8004630AE /* Project object */ = {
			isa = PBXProject;
			attributes = {
				LastSwiftUpdateCheck = 0800;
				LastUpgradeCheck = 0800;
				ORGANIZATIONNAME = Razeware;
				TargetAttributes = {
					22728B0F1D6C56A8004630AE = {
						CreatedOnToolsVersion = 8.0;
						DevelopmentTeam = D23W9URMHY;
						ProvisioningStyle = Automatic;
					};
				};
			};
			buildConfigurationList = 22728B0B1D6C56A8004630AE /* Build configuration list for PBXProject "HelloTVML" */;
			compatibilityVersion = "Xcode 3.2";
			developmentRegion = English;
			hasScannedForEncodings = 0;
			knownRegions = (
				en,
			);
			mainGroup = 22728B071D6C56A8004630AE;
			productRefGroup = 22728B111D6C56A8004630AE /* Products */;
			projectDirPath = "";
			projectRoot = "";
			targets = (
				22728B0F1D6C56A8004630AE /* HelloTVML */,
			);
		};
/* End PBXProject section */

/* Begin PBXResourcesBuildPhase section */
		22728B0E1D6C56A8004630AE /* Resources */ = {
			isa = PBXResourcesBuildPhase;
			buildActionMask = 2147483647;
			files = (
				22728B231D6C5983004630AE /* hello.tvml in Resources */,
				22728B181D6C56A8004630AE /* Assets.xcassets in Resources */,
				22728B1F1D6C57C5004630AE /* application.js in Resources */,
			);
			runOnlyForDeploymentPostprocessing = 0;
		};
/* End PBXResourcesBuildPhase section */

/* Begin PBXSourcesBuildPhase section */
		22728B0C1D6C56A8004630AE /* Sources */ = {
			isa = PBXSourcesBuildPhase;
			buildActionMask = 2147483647;
			files = (
				22728B211D6C583E004630AE /* ResourceLoader.swift in Sources */,
				22728B141D6C56A8004630AE /* AppDelegate.swift in Sources */,
			);
			runOnlyForDeploymentPostprocessing = 0;
		};
/* End PBXSourcesBuildPhase section */

/* Begin XCBuildConfiguration section */
		22728B1A1D6C56A8004630AE /* Debug */ = {
			isa = XCBuildConfiguration;
			buildSettings = {
				ALWAYS_SEARCH_USER_PATHS = NO;
				CLANG_ANALYZER_NONNULL = YES;
				CLANG_CXX_LANGUAGE_STANDARD = "gnu++0x";
				CLANG_CXX_LIBRARY = "libc++";
				CLANG_ENABLE_MODULES = YES;
				CLANG_ENABLE_OBJC_ARC = YES;
				CLANG_WARN_BOOL_CONVERSION = YES;
				CLANG_WARN_CONSTANT_CONVERSION = YES;
				CLANG_WARN_DIRECT_OBJC_ISA_USAGE = YES_ERROR;
				CLANG_WARN_DOCUMENTATION_COMMENTS = YES;
				CLANG_WARN_EMPTY_BODY = YES;
				CLANG_WARN_ENUM_CONVERSION = YES;
				CLANG_WARN_INFINITE_RECURSION = YES;
				CLANG_WARN_INT_CONVERSION = YES;
				CLANG_WARN_OBJC_ROOT_CLASS = YES_ERROR;
				CLANG_WARN_SUSPICIOUS_MOVES = YES;
				CLANG_WARN_UNREACHABLE_CODE = YES;
				CLANG_WARN__DUPLICATE_METHOD_MATCH = YES;
				COPY_PHASE_STRIP = NO;
				DEBUG_INFORMATION_FORMAT = dwarf;
				ENABLE_STRICT_OBJC_MSGSEND = YES;
				ENABLE_TESTABILITY = YES;
				GCC_C_LANGUAGE_STANDARD = gnu99;
				GCC_DYNAMIC_NO_PIC = NO;
				GCC_NO_COMMON_BLOCKS = YES;
				GCC_OPTIMIZATION_LEVEL = 0;
				GCC_PREPROCESSOR_DEFINITIONS = (
					"DEBUG=1",
					"$(inherited)",
				);
				GCC_WARN_64_TO_32_BIT_CONVERSION = YES;
				GCC_WARN_ABOUT_RETURN_TYPE = YES_ERROR;
				GCC_WARN_UNDECLARED_SELECTOR = YES;
				GCC_WARN_UNINITIALIZED_AUTOS = YES_AGGRESSIVE;
				GCC_WARN_UNUSED_FUNCTION = YES;
				GCC_WARN_UNUSED_VARIABLE = YES;
				MTL_ENABLE_DEBUG_INFO = YES;
				ONLY_ACTIVE_ARCH = YES;
				SDKROOT = appletvos;
				SWIFT_ACTIVE_COMPILATION_CONDITIONS = DEBUG;
				SWIFT_OPTIMIZATION_LEVEL = "-Onone";
				TARGETED_DEVICE_FAMILY = 3;
				TVOS_DEPLOYMENT_TARGET = 10.0;
			};
			name = Debug;
		};
		22728B1B1D6C56A8004630AE /* Release */ = {
			isa = XCBuildConfiguration;
			buildSettings = {
				ALWAYS_SEARCH_USER_PATHS = NO;
				CLANG_ANALYZER_NONNULL = YES;
				CLANG_CXX_LANGUAGE_STANDARD = "gnu++0x";
				CLANG_CXX_LIBRARY = "libc++";
				CLANG_ENABLE_MODULES = YES;
				CLANG_ENABLE_OBJC_ARC = YES;
				CLANG_WARN_BOOL_CONVERSION = YES;
				CLANG_WARN_CONSTANT_CONVERSION = YES;
				CLANG_WARN_DIRECT_OBJC_ISA_USAGE = YES_ERROR;
				CLANG_WARN_DOCUMENTATION_COMMENTS = YES;
				CLANG_WARN_EMPTY_BODY = YES;
				CLANG_WARN_ENUM_CONVERSION = YES;
				CLANG_WARN_INFINITE_RECURSION = YES;
				CLANG_WARN_INT_CONVERSION = YES;
				CLANG_WARN_OBJC_ROOT_CLASS = YES_ERROR;
				CLANG_WARN_SUSPICIOUS_MOVES = YES;
				CLANG_WARN_UNREACHABLE_CODE = YES;
				CLANG_WARN__DUPLICATE_METHOD_MATCH = YES;
				COPY_PHASE_STRIP = NO;
				DEBUG_INFORMATION_FORMAT = "dwarf-with-dsym";
				ENABLE_NS_ASSERTIONS = NO;
				ENABLE_STRICT_OBJC_MSGSEND = YES;
				GCC_C_LANGUAGE_STANDARD = gnu99;
				GCC_NO_COMMON_BLOCKS = YES;
				GCC_WARN_64_TO_32_BIT_CONVERSION = YES;
				GCC_WARN_ABOUT_RETURN_TYPE = YES_ERROR;
				GCC_WARN_UNDECLARED_SELECTOR = YES;
				GCC_WARN_UNINITIALIZED_AUTOS = YES_AGGRESSIVE;
				GCC_WARN_UNUSED_FUNCTION = YES;
				GCC_WARN_UNUSED_VARIABLE = YES;
				MTL_ENABLE_DEBUG_INFO = NO;
				SDKROOT = appletvos;
				SWIFT_OPTIMIZATION_LEVEL = "-Owholemodule";
				TARGETED_DEVICE_FAMILY = 3;
				TVOS_DEPLOYMENT_TARGET = 10.0;
				VALIDATE_PRODUCT = YES;
			};
			name = Release;
		};
		22728B1D1D6C56A8004630AE /* Debug */ = {
			isa = XCBuildConfiguration;
			buildSettings = {
				ASSETCATALOG_COMPILER_APPICON_NAME = "App Icon & Top Shelf Image";
				ASSETCATALOG_COMPILER_LAUNCHIMAGE_NAME = LaunchImage;
				DEVELOPMENT_TEAM = D23W9URMHY;
				INFOPLIST_FILE = HelloTVML/Info.plist;
				LD_RUNPATH_SEARCH_PATHS = "$(inherited) @executable_path/Frameworks";
				PRODUCT_BUNDLE_IDENTIFIER = com.razeware.HelloTVML;
				PRODUCT_NAME = "$(TARGET_NAME)";
				SWIFT_VERSION = 3.0;
			};
			name = Debug;
		};
		22728B1E1D6C56A8004630AE /* Release */ = {
			isa = XCBuildConfiguration;
			buildSettings = {
				ASSETCATALOG_COMPILER_APPICON_NAME = "App Icon & Top Shelf Image";
				ASSETCATALOG_COMPILER_LAUNCHIMAGE_NAME = LaunchImage;
				DEVELOPMENT_TEAM = D23W9URMHY;
				INFOPLIST_FILE = HelloTVML/Info.plist;
				LD_RUNPATH_SEARCH_PATHS = "$(inherited) @executable_path/Frameworks";
				PRODUCT_BUNDLE_IDENTIFIER = com.razeware.HelloTVML;
				PRODUCT_NAME = "$(TARGET_NAME)";
				SWIFT_VERSION = 3.0;
			};
			name = Release;
		};
/* End XCBuildConfiguration section */

/* Begin XCConfigurationList section */
		22728B0B1D6C56A8004630AE /* Build configuration list for PBXProject "HelloTVML" */ = {
			isa = XCConfigurationList;
			buildConfigurations = (
				22728B1A1D6C56A8004630AE /* Debug */,
				22728B1B1D6C56A8004630AE /* Release */,
			);
			defaultConfigurationIsVisible = 0;
			defaultConfigurationName = Release;
		};
		22728B1C1D6C56A8004630AE /* Build configuration list for PBXNativeTarget "HelloTVML" */ = {
			isa = XCConfigurationList;
			buildConfigurations = (
				22728B1D1D6C56A8004630AE /* Debug */,
				22728B1E1D6C56A8004630AE /* Release */,
			);
			defaultConfigurationIsVisible = 0;
		};
/* End XCConfigurationList section */
	};
	rootObject = 22728B081D6C56A8004630AE /* Project object */;
}
